// !$*UTF8*$!
{
	archiveVersion = 1;
	classes = {
	};
	objectVersion = 56;
	objects = {

/* Begin PBXBuildFile section */
		B77DE1C02A0AA7D30069EA0D /* RMFooterLoadingCollectionReusableView.swift in Sources */ = {isa = PBXBuildFile; fileRef = B77DE1BF2A0AA7D30069EA0D /* RMFooterLoadingCollectionReusableView.swift */; };
		B77DE1C22A0F89D40069EA0D /* RMImageLoader.swift in Sources */ = {isa = PBXBuildFile; fileRef = B77DE1C12A0F89D40069EA0D /* RMImageLoader.swift */; };
		B792A7FA29FD117A0027DCB9 /* AppDelegate.swift in Sources */ = {isa = PBXBuildFile; fileRef = B792A7F929FD117A0027DCB9 /* AppDelegate.swift */; };
		B792A7FC29FD117A0027DCB9 /* SceneDelegate.swift in Sources */ = {isa = PBXBuildFile; fileRef = B792A7FB29FD117A0027DCB9 /* SceneDelegate.swift */; };
		B792A7FE29FD117A0027DCB9 /* RMTabViewController.swift in Sources */ = {isa = PBXBuildFile; fileRef = B792A7FD29FD117A0027DCB9 /* RMTabViewController.swift */; };
		B792A80329FD117B0027DCB9 /* Assets.xcassets in Resources */ = {isa = PBXBuildFile; fileRef = B792A80229FD117B0027DCB9 /* Assets.xcassets */; };
		B792A80629FD117B0027DCB9 /* LaunchScreen.storyboard in Resources */ = {isa = PBXBuildFile; fileRef = B792A80429FD117B0027DCB9 /* LaunchScreen.storyboard */; };
		B792A81529FD19060027DCB9 /* RMLocation.swift in Sources */ = {isa = PBXBuildFile; fileRef = B792A81429FD19060027DCB9 /* RMLocation.swift */; };
		B792A81729FD19280027DCB9 /* RMCharacter.swift in Sources */ = {isa = PBXBuildFile; fileRef = B792A81629FD19280027DCB9 /* RMCharacter.swift */; };
		B792A81929FD193A0027DCB9 /* RMEpisode.swift in Sources */ = {isa = PBXBuildFile; fileRef = B792A81829FD193A0027DCB9 /* RMEpisode.swift */; };
		B792A81C29FD1AC90027DCB9 /* RMCharacterTableViewController.swift in Sources */ = {isa = PBXBuildFile; fileRef = B792A81B29FD1AC90027DCB9 /* RMCharacterTableViewController.swift */; };
		B792A81E29FD1B140027DCB9 /* RMLocationTableViewController.swift in Sources */ = {isa = PBXBuildFile; fileRef = B792A81D29FD1B140027DCB9 /* RMLocationTableViewController.swift */; };
		B792A82029FD1B370027DCB9 /* RMEpisodeTableViewController.swift in Sources */ = {isa = PBXBuildFile; fileRef = B792A81F29FD1B370027DCB9 /* RMEpisodeTableViewController.swift */; };
		B792A82229FD1D590027DCB9 /* RMSettingsTableViewController.swift in Sources */ = {isa = PBXBuildFile; fileRef = B792A82129FD1D590027DCB9 /* RMSettingsTableViewController.swift */; };
		B792A82429FEBFBC0027DCB9 /* RMService.swift in Sources */ = {isa = PBXBuildFile; fileRef = B792A82329FEBFBC0027DCB9 /* RMService.swift */; };
		B792A82629FEBFF20027DCB9 /* RMRequest.swift in Sources */ = {isa = PBXBuildFile; fileRef = B792A82529FEBFF20027DCB9 /* RMRequest.swift */; };
		B792A82829FEC1190027DCB9 /* RMEndpoint.swift in Sources */ = {isa = PBXBuildFile; fileRef = B792A82729FEC1190027DCB9 /* RMEndpoint.swift */; };
		B792A82A2A00282F0027DCB9 /* RMOrigin.swift in Sources */ = {isa = PBXBuildFile; fileRef = B792A8292A00282F0027DCB9 /* RMOrigin.swift */; };
		B792A82C2A0028F00027DCB9 /* RMSingleLocation.swift in Sources */ = {isa = PBXBuildFile; fileRef = B792A82B2A0028F00027DCB9 /* RMSingleLocation.swift */; };
		B792A82E2A002BBC0027DCB9 /* RMCharacterStatus.swift in Sources */ = {isa = PBXBuildFile; fileRef = B792A82D2A002BBC0027DCB9 /* RMCharacterStatus.swift */; };
		B792A8302A002C610027DCB9 /* RMCharacterGender.swift in Sources */ = {isa = PBXBuildFile; fileRef = B792A82F2A002C610027DCB9 /* RMCharacterGender.swift */; };
		B792A8342A02BDE80027DCB9 /* RMGetAllCharactersResponse.swift in Sources */ = {isa = PBXBuildFile; fileRef = B792A8332A02BDE80027DCB9 /* RMGetAllCharactersResponse.swift */; };
		B792A8362A0409BA0027DCB9 /* RMCharacterListViewViewModel.swift in Sources */ = {isa = PBXBuildFile; fileRef = B792A8352A0409BA0027DCB9 /* RMCharacterListViewViewModel.swift */; };
		B792A8382A040A8A0027DCB9 /* RMCharacterListView.swift in Sources */ = {isa = PBXBuildFile; fileRef = B792A8372A040A8A0027DCB9 /* RMCharacterListView.swift */; };
		B792A83A2A0411AF0027DCB9 /* Extensions.swift in Sources */ = {isa = PBXBuildFile; fileRef = B792A8392A0411AF0027DCB9 /* Extensions.swift */; };
		B792A83C2A0540090027DCB9 /* RMCharacterCollectionViewCell.swift in Sources */ = {isa = PBXBuildFile; fileRef = B792A83B2A0540090027DCB9 /* RMCharacterCollectionViewCell.swift */; };
		B792A83E2A0543F10027DCB9 /* RMCharacterCollectionViewCellViewModel.swift in Sources */ = {isa = PBXBuildFile; fileRef = B792A83D2A0543F10027DCB9 /* RMCharacterCollectionViewCellViewModel.swift */; };
		B7E754312A096F4C0088243C /* RMCharacterDetailViewController.swift in Sources */ = {isa = PBXBuildFile; fileRef = B7E754302A096F4C0088243C /* RMCharacterDetailViewController.swift */; };
		B7E754332A0970CF0088243C /* RMCharacterDetailView.swift in Sources */ = {isa = PBXBuildFile; fileRef = B7E754322A0970CF0088243C /* RMCharacterDetailView.swift */; };
		B7E754352A0971420088243C /* RMCharacterDetailViewViewModel.swift in Sources */ = {isa = PBXBuildFile; fileRef = B7E754342A0971420088243C /* RMCharacterDetailViewViewModel.swift */; };
/* End PBXBuildFile section */

/* Begin PBXFileReference section */
		B77DE1BF2A0AA7D30069EA0D /* RMFooterLoadingCollectionReusableView.swift */ = {isa = PBXFileReference; lastKnownFileType = sourcecode.swift; path = RMFooterLoadingCollectionReusableView.swift; sourceTree = "<group>"; };
		B77DE1C12A0F89D40069EA0D /* RMImageLoader.swift */ = {isa = PBXFileReference; lastKnownFileType = sourcecode.swift; path = RMImageLoader.swift; sourceTree = "<group>"; };
		B792A7F629FD117A0027DCB9 /* RickAndMorty.app */ = {isa = PBXFileReference; explicitFileType = wrapper.application; includeInIndex = 0; path = RickAndMorty.app; sourceTree = BUILT_PRODUCTS_DIR; };
		B792A7F929FD117A0027DCB9 /* AppDelegate.swift */ = {isa = PBXFileReference; lastKnownFileType = sourcecode.swift; path = AppDelegate.swift; sourceTree = "<group>"; };
		B792A7FB29FD117A0027DCB9 /* SceneDelegate.swift */ = {isa = PBXFileReference; lastKnownFileType = sourcecode.swift; path = SceneDelegate.swift; sourceTree = "<group>"; };
		B792A7FD29FD117A0027DCB9 /* RMTabViewController.swift */ = {isa = PBXFileReference; lastKnownFileType = sourcecode.swift; path = RMTabViewController.swift; sourceTree = "<group>"; };
		B792A80229FD117B0027DCB9 /* Assets.xcassets */ = {isa = PBXFileReference; lastKnownFileType = folder.assetcatalog; path = Assets.xcassets; sourceTree = "<group>"; };
		B792A80529FD117B0027DCB9 /* Base */ = {isa = PBXFileReference; lastKnownFileType = file.storyboard; name = Base; path = Base.lproj/LaunchScreen.storyboard; sourceTree = "<group>"; };
		B792A80729FD117B0027DCB9 /* Info.plist */ = {isa = PBXFileReference; lastKnownFileType = text.plist.xml; path = Info.plist; sourceTree = "<group>"; };
		B792A81429FD19060027DCB9 /* RMLocation.swift */ = {isa = PBXFileReference; lastKnownFileType = sourcecode.swift; path = RMLocation.swift; sourceTree = "<group>"; };
		B792A81629FD19280027DCB9 /* RMCharacter.swift */ = {isa = PBXFileReference; lastKnownFileType = sourcecode.swift; path = RMCharacter.swift; sourceTree = "<group>"; };
		B792A81829FD193A0027DCB9 /* RMEpisode.swift */ = {isa = PBXFileReference; lastKnownFileType = sourcecode.swift; path = RMEpisode.swift; sourceTree = "<group>"; };
		B792A81B29FD1AC90027DCB9 /* RMCharacterTableViewController.swift */ = {isa = PBXFileReference; lastKnownFileType = sourcecode.swift; path = RMCharacterTableViewController.swift; sourceTree = "<group>"; };
		B792A81D29FD1B140027DCB9 /* RMLocationTableViewController.swift */ = {isa = PBXFileReference; lastKnownFileType = sourcecode.swift; path = RMLocationTableViewController.swift; sourceTree = "<group>"; };
		B792A81F29FD1B370027DCB9 /* RMEpisodeTableViewController.swift */ = {isa = PBXFileReference; lastKnownFileType = sourcecode.swift; path = RMEpisodeTableViewController.swift; sourceTree = "<group>"; };
		B792A82129FD1D590027DCB9 /* RMSettingsTableViewController.swift */ = {isa = PBXFileReference; lastKnownFileType = sourcecode.swift; path = RMSettingsTableViewController.swift; sourceTree = "<group>"; };
		B792A82329FEBFBC0027DCB9 /* RMService.swift */ = {isa = PBXFileReference; lastKnownFileType = sourcecode.swift; path = RMService.swift; sourceTree = "<group>"; };
		B792A82529FEBFF20027DCB9 /* RMRequest.swift */ = {isa = PBXFileReference; lastKnownFileType = sourcecode.swift; path = RMRequest.swift; sourceTree = "<group>"; };
		B792A82729FEC1190027DCB9 /* RMEndpoint.swift */ = {isa = PBXFileReference; lastKnownFileType = sourcecode.swift; path = RMEndpoint.swift; sourceTree = "<group>"; };
		B792A8292A00282F0027DCB9 /* RMOrigin.swift */ = {isa = PBXFileReference; lastKnownFileType = sourcecode.swift; path = RMOrigin.swift; sourceTree = "<group>"; };
		B792A82B2A0028F00027DCB9 /* RMSingleLocation.swift */ = {isa = PBXFileReference; lastKnownFileType = sourcecode.swift; path = RMSingleLocation.swift; sourceTree = "<group>"; };
		B792A82D2A002BBC0027DCB9 /* RMCharacterStatus.swift */ = {isa = PBXFileReference; lastKnownFileType = sourcecode.swift; path = RMCharacterStatus.swift; sourceTree = "<group>"; };
		B792A82F2A002C610027DCB9 /* RMCharacterGender.swift */ = {isa = PBXFileReference; lastKnownFileType = sourcecode.swift; path = RMCharacterGender.swift; sourceTree = "<group>"; };
		B792A8332A02BDE80027DCB9 /* RMGetAllCharactersResponse.swift */ = {isa = PBXFileReference; lastKnownFileType = sourcecode.swift; path = RMGetAllCharactersResponse.swift; sourceTree = "<group>"; };
		B792A8352A0409BA0027DCB9 /* RMCharacterListViewViewModel.swift */ = {isa = PBXFileReference; lastKnownFileType = sourcecode.swift; path = RMCharacterListViewViewModel.swift; sourceTree = "<group>"; };
		B792A8372A040A8A0027DCB9 /* RMCharacterListView.swift */ = {isa = PBXFileReference; lastKnownFileType = sourcecode.swift; path = RMCharacterListView.swift; sourceTree = "<group>"; };
		B792A8392A0411AF0027DCB9 /* Extensions.swift */ = {isa = PBXFileReference; lastKnownFileType = sourcecode.swift; path = Extensions.swift; sourceTree = "<group>"; };
		B792A83B2A0540090027DCB9 /* RMCharacterCollectionViewCell.swift */ = {isa = PBXFileReference; lastKnownFileType = sourcecode.swift; path = RMCharacterCollectionViewCell.swift; sourceTree = "<group>"; };
		B792A83D2A0543F10027DCB9 /* RMCharacterCollectionViewCellViewModel.swift */ = {isa = PBXFileReference; lastKnownFileType = sourcecode.swift; path = RMCharacterCollectionViewCellViewModel.swift; sourceTree = "<group>"; };
		B7E754302A096F4C0088243C /* RMCharacterDetailViewController.swift */ = {isa = PBXFileReference; lastKnownFileType = sourcecode.swift; path = RMCharacterDetailViewController.swift; sourceTree = "<group>"; };
		B7E754322A0970CF0088243C /* RMCharacterDetailView.swift */ = {isa = PBXFileReference; lastKnownFileType = sourcecode.swift; path = RMCharacterDetailView.swift; sourceTree = "<group>"; };
		B7E754342A0971420088243C /* RMCharacterDetailViewViewModel.swift */ = {isa = PBXFileReference; lastKnownFileType = sourcecode.swift; path = RMCharacterDetailViewViewModel.swift; sourceTree = "<group>"; };
/* End PBXFileReference section */

/* Begin PBXFrameworksBuildPhase section */
		B792A7F329FD117A0027DCB9 /* Frameworks */ = {
			isa = PBXFrameworksBuildPhase;
			buildActionMask = 2147483647;
			files = (
			);
			runOnlyForDeploymentPostprocessing = 0;
		};
/* End PBXFrameworksBuildPhase section */

/* Begin PBXGroup section */
		B792A7ED29FD117A0027DCB9 = {
			isa = PBXGroup;
			children = (
				B792A7F829FD117A0027DCB9 /* RickAndMorty */,
				B792A7F729FD117A0027DCB9 /* Products */,
			);
			sourceTree = "<group>";
		};
		B792A7F729FD117A0027DCB9 /* Products */ = {
			isa = PBXGroup;
			children = (
				B792A7F629FD117A0027DCB9 /* RickAndMorty.app */,
			);
			name = Products;
			sourceTree = "<group>";
		};
		B792A7F829FD117A0027DCB9 /* RickAndMorty */ = {
			isa = PBXGroup;
			children = (
				B792A81329FD181E0027DCB9 /* Resources */,
				B792A81229FD180F0027DCB9 /* Managers */,
				B792A81129FD17FC0027DCB9 /* APIClient */,
				B792A81029FD17EA0027DCB9 /* ViewModels */,
				B792A80F29FD17D60027DCB9 /* Views */,
				B792A80E29FD17C70027DCB9 /* Models */,
				B792A80D29FD17AB0027DCB9 /* Controllers */,
				B792A80729FD117B0027DCB9 /* Info.plist */,
			);
			path = RickAndMorty;
			sourceTree = "<group>";
		};
		B792A80D29FD17AB0027DCB9 /* Controllers */ = {
			isa = PBXGroup;
			children = (
				B7E7542F2A096EFD0088243C /* Other */,
				B792A81A29FD1A5F0027DCB9 /* Core */,
			);
			path = Controllers;
			sourceTree = "<group>";
		};
		B792A80E29FD17C70027DCB9 /* Models */ = {
			isa = PBXGroup;
			children = (
				B792A8322A02BD750027DCB9 /* APIResponseTypes */,
				B792A8312A02BD6C0027DCB9 /* DataTypes */,
			);
			path = Models;
			sourceTree = "<group>";
		};
		B792A80F29FD17D60027DCB9 /* Views */ = {
			isa = PBXGroup;
			children = (
				B792A8372A040A8A0027DCB9 /* RMCharacterListView.swift */,
				B792A83B2A0540090027DCB9 /* RMCharacterCollectionViewCell.swift */,
				B7E754322A0970CF0088243C /* RMCharacterDetailView.swift */,
				B77DE1BF2A0AA7D30069EA0D /* RMFooterLoadingCollectionReusableView.swift */,
			);
			path = Views;
			sourceTree = "<group>";
		};
		B792A81029FD17EA0027DCB9 /* ViewModels */ = {
			isa = PBXGroup;
			children = (
				B792A8352A0409BA0027DCB9 /* RMCharacterListViewViewModel.swift */,
				B792A83D2A0543F10027DCB9 /* RMCharacterCollectionViewCellViewModel.swift */,
				B7E754342A0971420088243C /* RMCharacterDetailViewViewModel.swift */,
			);
			path = ViewModels;
			sourceTree = "<group>";
		};
		B792A81129FD17FC0027DCB9 /* APIClient */ = {
			isa = PBXGroup;
			children = (
				B792A82329FEBFBC0027DCB9 /* RMService.swift */,
				B792A82529FEBFF20027DCB9 /* RMRequest.swift */,
				B792A82729FEC1190027DCB9 /* RMEndpoint.swift */,
			);
			path = APIClient;
			sourceTree = "<group>";
		};
		B792A81229FD180F0027DCB9 /* Managers */ = {
			isa = PBXGroup;
			children = (
				B77DE1C12A0F89D40069EA0D /* RMImageLoader.swift */,
			);
			path = Managers;
			sourceTree = "<group>";
		};
		B792A81329FD181E0027DCB9 /* Resources */ = {
			isa = PBXGroup;
			children = (
				B792A80229FD117B0027DCB9 /* Assets.xcassets */,
				B792A80429FD117B0027DCB9 /* LaunchScreen.storyboard */,
				B792A7F929FD117A0027DCB9 /* AppDelegate.swift */,
				B792A7FB29FD117A0027DCB9 /* SceneDelegate.swift */,
				B792A8392A0411AF0027DCB9 /* Extensions.swift */,
			);
			path = Resources;
			sourceTree = "<group>";
		};
		B792A81A29FD1A5F0027DCB9 /* Core */ = {
			isa = PBXGroup;
			children = (
				B792A7FD29FD117A0027DCB9 /* RMTabViewController.swift */,
				B792A81D29FD1B140027DCB9 /* RMLocationTableViewController.swift */,
				B792A81B29FD1AC90027DCB9 /* RMCharacterTableViewController.swift */,
				B792A81F29FD1B370027DCB9 /* RMEpisodeTableViewController.swift */,
				B792A82129FD1D590027DCB9 /* RMSettingsTableViewController.swift */,
			);
			path = Core;
			sourceTree = "<group>";
		};
		B792A8312A02BD6C0027DCB9 /* DataTypes */ = {
			isa = PBXGroup;
			children = (
				B792A81429FD19060027DCB9 /* RMLocation.swift */,
				B792A81629FD19280027DCB9 /* RMCharacter.swift */,
				B792A81829FD193A0027DCB9 /* RMEpisode.swift */,
				B792A8292A00282F0027DCB9 /* RMOrigin.swift */,
				B792A82B2A0028F00027DCB9 /* RMSingleLocation.swift */,
				B792A82D2A002BBC0027DCB9 /* RMCharacterStatus.swift */,
				B792A82F2A002C610027DCB9 /* RMCharacterGender.swift */,
			);
			path = DataTypes;
			sourceTree = "<group>";
		};
		B792A8322A02BD750027DCB9 /* APIResponseTypes */ = {
			isa = PBXGroup;
			children = (
				B792A8332A02BDE80027DCB9 /* RMGetAllCharactersResponse.swift */,
			);
			path = APIResponseTypes;
			sourceTree = "<group>";
		};
		B7E7542F2A096EFD0088243C /* Other */ = {
			isa = PBXGroup;
			children = (
				B7E754302A096F4C0088243C /* RMCharacterDetailViewController.swift */,
			);
			path = Other;
			sourceTree = "<group>";
		};
/* End PBXGroup section */

/* Begin PBXNativeTarget section */
		B792A7F529FD117A0027DCB9 /* RickAndMorty */ = {
			isa = PBXNativeTarget;
			buildConfigurationList = B792A80A29FD117B0027DCB9 /* Build configuration list for PBXNativeTarget "RickAndMorty" */;
			buildPhases = (
				B792A7F229FD117A0027DCB9 /* Sources */,
				B792A7F329FD117A0027DCB9 /* Frameworks */,
				B792A7F429FD117A0027DCB9 /* Resources */,
			);
			buildRules = (
			);
			dependencies = (
			);
			name = RickAndMorty;
			productName = RickAndMorty;
			productReference = B792A7F629FD117A0027DCB9 /* RickAndMorty.app */;
			productType = "com.apple.product-type.application";
		};
/* End PBXNativeTarget section */

/* Begin PBXProject section */
		B792A7EE29FD117A0027DCB9 /* Project object */ = {
			isa = PBXProject;
			attributes = {
				BuildIndependentTargetsInParallel = 1;
				LastSwiftUpdateCheck = 1430;
				LastUpgradeCheck = 1430;
				TargetAttributes = {
					B792A7F529FD117A0027DCB9 = {
						CreatedOnToolsVersion = 14.3;
					};
				};
			};
			buildConfigurationList = B792A7F129FD117A0027DCB9 /* Build configuration list for PBXProject "RickAndMorty" */;
			compatibilityVersion = "Xcode 14.0";
			developmentRegion = en;
			hasScannedForEncodings = 0;
			knownRegions = (
				en,
				Base,
			);
			mainGroup = B792A7ED29FD117A0027DCB9;
			productRefGroup = B792A7F729FD117A0027DCB9 /* Products */;
			projectDirPath = "";
			projectRoot = "";
			targets = (
				B792A7F529FD117A0027DCB9 /* RickAndMorty */,
			);
		};
/* End PBXProject section */

/* Begin PBXResourcesBuildPhase section */
		B792A7F429FD117A0027DCB9 /* Resources */ = {
			isa = PBXResourcesBuildPhase;
			buildActionMask = 2147483647;
			files = (
				B792A80629FD117B0027DCB9 /* LaunchScreen.storyboard in Resources */,
				B792A80329FD117B0027DCB9 /* Assets.xcassets in Resources */,
			);
			runOnlyForDeploymentPostprocessing = 0;
		};
/* End PBXResourcesBuildPhase section */

/* Begin PBXSourcesBuildPhase section */
		B792A7F229FD117A0027DCB9 /* Sources */ = {
			isa = PBXSourcesBuildPhase;
			buildActionMask = 2147483647;
			files = (
				B792A82A2A00282F0027DCB9 /* RMOrigin.swift in Sources */,
				B7E754352A0971420088243C /* RMCharacterDetailViewViewModel.swift in Sources */,
				B792A82C2A0028F00027DCB9 /* RMSingleLocation.swift in Sources */,
				B77DE1C22A0F89D40069EA0D /* RMImageLoader.swift in Sources */,
				B792A8382A040A8A0027DCB9 /* RMCharacterListView.swift in Sources */,
				B792A8342A02BDE80027DCB9 /* RMGetAllCharactersResponse.swift in Sources */,
				B792A82E2A002BBC0027DCB9 /* RMCharacterStatus.swift in Sources */,
				B792A8302A002C610027DCB9 /* RMCharacterGender.swift in Sources */,
				B7E754312A096F4C0088243C /* RMCharacterDetailViewController.swift in Sources */,
				B77DE1C02A0AA7D30069EA0D /* RMFooterLoadingCollectionReusableView.swift in Sources */,
				B792A82029FD1B370027DCB9 /* RMEpisodeTableViewController.swift in Sources */,
				B792A81929FD193A0027DCB9 /* RMEpisode.swift in Sources */,
				B792A7FE29FD117A0027DCB9 /* RMTabViewController.swift in Sources */,
				B792A83C2A0540090027DCB9 /* RMCharacterCollectionViewCell.swift in Sources */,
				B792A7FA29FD117A0027DCB9 /* AppDelegate.swift in Sources */,
				B792A7FC29FD117A0027DCB9 /* SceneDelegate.swift in Sources */,
				B792A82229FD1D590027DCB9 /* RMSettingsTableViewController.swift in Sources */,
				B792A81529FD19060027DCB9 /* RMLocation.swift in Sources */,
				B792A83A2A0411AF0027DCB9 /* Extensions.swift in Sources */,
				B792A82429FEBFBC0027DCB9 /* RMService.swift in Sources */,
				B792A81E29FD1B140027DCB9 /* RMLocationTableViewController.swift in Sources */,
				B792A82829FEC1190027DCB9 /* RMEndpoint.swift in Sources */,
				B792A81C29FD1AC90027DCB9 /* RMCharacterTableViewController.swift in Sources */,
				B792A83E2A0543F10027DCB9 /* RMCharacterCollectionViewCellViewModel.swift in Sources */,
				B7E754332A0970CF0088243C /* RMCharacterDetailView.swift in Sources */,
				B792A82629FEBFF20027DCB9 /* RMRequest.swift in Sources */,
				B792A8362A0409BA0027DCB9 /* RMCharacterListViewViewModel.swift in Sources */,
				B792A81729FD19280027DCB9 /* RMCharacter.swift in Sources */,
			);
			runOnlyForDeploymentPostprocessing = 0;
		};
/* End PBXSourcesBuildPhase section */

/* Begin PBXVariantGroup section */
		B792A80429FD117B0027DCB9 /* LaunchScreen.storyboard */ = {
			isa = PBXVariantGroup;
			children = (
				B792A80529FD117B0027DCB9 /* Base */,
			);
			name = LaunchScreen.storyboard;
			sourceTree = "<group>";
		};
/* End PBXVariantGroup section */

/* Begin XCBuildConfiguration section */
		B792A80829FD117B0027DCB9 /* Debug */ = {
			isa = XCBuildConfiguration;
			buildSettings = {
				ALWAYS_SEARCH_USER_PATHS = NO;
				CLANG_ANALYZER_NONNULL = YES;
				CLANG_ANALYZER_NUMBER_OBJECT_CONVERSION = YES_AGGRESSIVE;
				CLANG_CXX_LANGUAGE_STANDARD = "gnu++20";
				CLANG_ENABLE_MODULES = YES;
				CLANG_ENABLE_OBJC_ARC = YES;
				CLANG_ENABLE_OBJC_WEAK = YES;
				CLANG_WARN_BLOCK_CAPTURE_AUTORELEASING = YES;
				CLANG_WARN_BOOL_CONVERSION = YES;
				CLANG_WARN_COMMA = YES;
				CLANG_WARN_CONSTANT_CONVERSION = YES;
				CLANG_WARN_DEPRECATED_OBJC_IMPLEMENTATIONS = YES;
				CLANG_WARN_DIRECT_OBJC_ISA_USAGE = YES_ERROR;
				CLANG_WARN_DOCUMENTATION_COMMENTS = YES;
				CLANG_WARN_EMPTY_BODY = YES;
				CLANG_WARN_ENUM_CONVERSION = YES;
				CLANG_WARN_INFINITE_RECURSION = YES;
				CLANG_WARN_INT_CONVERSION = YES;
				CLANG_WARN_NON_LITERAL_NULL_CONVERSION = YES;
				CLANG_WARN_OBJC_IMPLICIT_RETAIN_SELF = YES;
				CLANG_WARN_OBJC_LITERAL_CONVERSION = YES;
				CLANG_WARN_OBJC_ROOT_CLASS = YES_ERROR;
				CLANG_WARN_QUOTED_INCLUDE_IN_FRAMEWORK_HEADER = YES;
				CLANG_WARN_RANGE_LOOP_ANALYSIS = YES;
				CLANG_WARN_STRICT_PROTOTYPES = YES;
				CLANG_WARN_SUSPICIOUS_MOVE = YES;
				CLANG_WARN_UNGUARDED_AVAILABILITY = YES_AGGRESSIVE;
				CLANG_WARN_UNREACHABLE_CODE = YES;
				CLANG_WARN__DUPLICATE_METHOD_MATCH = YES;
				COPY_PHASE_STRIP = NO;
				DEBUG_INFORMATION_FORMAT = dwarf;
				ENABLE_STRICT_OBJC_MSGSEND = YES;
				ENABLE_TESTABILITY = YES;
				GCC_C_LANGUAGE_STANDARD = gnu11;
				GCC_DYNAMIC_NO_PIC = NO;
				GCC_NO_COMMON_BLOCKS = YES;
				GCC_OPTIMIZATION_LEVEL = 0;
				GCC_PREPROCESSOR_DEFINITIONS = (
					"DEBUG=1",
					"$(inherited)",
				);
				GCC_WARN_64_TO_32_BIT_CONVERSION = YES;
				GCC_WARN_ABOUT_RETURN_TYPE = YES_ERROR;
				GCC_WARN_UNDECLARED_SELECTOR = YES;
				GCC_WARN_UNINITIALIZED_AUTOS = YES_AGGRESSIVE;
				GCC_WARN_UNUSED_FUNCTION = YES;
				GCC_WARN_UNUSED_VARIABLE = YES;
				IPHONEOS_DEPLOYMENT_TARGET = 16.4;
				MTL_ENABLE_DEBUG_INFO = INCLUDE_SOURCE;
				MTL_FAST_MATH = YES;
				ONLY_ACTIVE_ARCH = YES;
				SDKROOT = iphoneos;
				SWIFT_ACTIVE_COMPILATION_CONDITIONS = DEBUG;
				SWIFT_OPTIMIZATION_LEVEL = "-Onone";
			};
			name = Debug;
		};
		B792A80929FD117B0027DCB9 /* Release */ = {
			isa = XCBuildConfiguration;
			buildSettings = {
				ALWAYS_SEARCH_USER_PATHS = NO;
				CLANG_ANALYZER_NONNULL = YES;
				CLANG_ANALYZER_NUMBER_OBJECT_CONVERSION = YES_AGGRESSIVE;
				CLANG_CXX_LANGUAGE_STANDARD = "gnu++20";
				CLANG_ENABLE_MODULES = YES;
				CLANG_ENABLE_OBJC_ARC = YES;
				CLANG_ENABLE_OBJC_WEAK = YES;
				CLANG_WARN_BLOCK_CAPTURE_AUTORELEASING = YES;
				CLANG_WARN_BOOL_CONVERSION = YES;
				CLANG_WARN_COMMA = YES;
				CLANG_WARN_CONSTANT_CONVERSION = YES;
				CLANG_WARN_DEPRECATED_OBJC_IMPLEMENTATIONS = YES;
				CLANG_WARN_DIRECT_OBJC_ISA_USAGE = YES_ERROR;
				CLANG_WARN_DOCUMENTATION_COMMENTS = YES;
				CLANG_WARN_EMPTY_BODY = YES;
				CLANG_WARN_ENUM_CONVERSION = YES;
				CLANG_WARN_INFINITE_RECURSION = YES;
				CLANG_WARN_INT_CONVERSION = YES;
				CLANG_WARN_NON_LITERAL_NULL_CONVERSION = YES;
				CLANG_WARN_OBJC_IMPLICIT_RETAIN_SELF = YES;
				CLANG_WARN_OBJC_LITERAL_CONVERSION = YES;
				CLANG_WARN_OBJC_ROOT_CLASS = YES_ERROR;
				CLANG_WARN_QUOTED_INCLUDE_IN_FRAMEWORK_HEADER = YES;
				CLANG_WARN_RANGE_LOOP_ANALYSIS = YES;
				CLANG_WARN_STRICT_PROTOTYPES = YES;
				CLANG_WARN_SUSPICIOUS_MOVE = YES;
				CLANG_WARN_UNGUARDED_AVAILABILITY = YES_AGGRESSIVE;
				CLANG_WARN_UNREACHABLE_CODE = YES;
				CLANG_WARN__DUPLICATE_METHOD_MATCH = YES;
				COPY_PHASE_STRIP = NO;
				DEBUG_INFORMATION_FORMAT = "dwarf-with-dsym";
				ENABLE_NS_ASSERTIONS = NO;
				ENABLE_STRICT_OBJC_MSGSEND = YES;
				GCC_C_LANGUAGE_STANDARD = gnu11;
				GCC_NO_COMMON_BLOCKS = YES;
				GCC_WARN_64_TO_32_BIT_CONVERSION = YES;
				GCC_WARN_ABOUT_RETURN_TYPE = YES_ERROR;
				GCC_WARN_UNDECLARED_SELECTOR = YES;
				GCC_WARN_UNINITIALIZED_AUTOS = YES_AGGRESSIVE;
				GCC_WARN_UNUSED_FUNCTION = YES;
				GCC_WARN_UNUSED_VARIABLE = YES;
				IPHONEOS_DEPLOYMENT_TARGET = 16.4;
				MTL_ENABLE_DEBUG_INFO = NO;
				MTL_FAST_MATH = YES;
				SDKROOT = iphoneos;
				SWIFT_COMPILATION_MODE = wholemodule;
				SWIFT_OPTIMIZATION_LEVEL = "-O";
				VALIDATE_PRODUCT = YES;
			};
			name = Release;
		};
		B792A80B29FD117B0027DCB9 /* Debug */ = {
			isa = XCBuildConfiguration;
			buildSettings = {
				ASSETCATALOG_COMPILER_APPICON_NAME = AppIcon;
				ASSETCATALOG_COMPILER_GLOBAL_ACCENT_COLOR_NAME = AccentColor;
				CODE_SIGN_STYLE = Automatic;
				CURRENT_PROJECT_VERSION = 1;
				DEVELOPMENT_TEAM = F949DCY48U;
				GENERATE_INFOPLIST_FILE = YES;
				INFOPLIST_FILE = RickAndMorty/Info.plist;
				INFOPLIST_KEY_UIApplicationSupportsIndirectInputEvents = YES;
				INFOPLIST_KEY_UILaunchStoryboardName = LaunchScreen;
				INFOPLIST_KEY_UISupportedInterfaceOrientations_iPad = "UIInterfaceOrientationPortrait UIInterfaceOrientationPortraitUpsideDown UIInterfaceOrientationLandscapeLeft UIInterfaceOrientationLandscapeRight";
				INFOPLIST_KEY_UISupportedInterfaceOrientations_iPhone = "UIInterfaceOrientationPortrait UIInterfaceOrientationLandscapeLeft UIInterfaceOrientationLandscapeRight";
				LD_RUNPATH_SEARCH_PATHS = (
					"$(inherited)",
					"@executable_path/Frameworks",
				);
				MARKETING_VERSION = 1.0;
				PRODUCT_BUNDLE_IDENTIFIER = "Valentinas-Kovalenkinas.RickAndMorty";
				PRODUCT_NAME = "$(TARGET_NAME)";
				SWIFT_EMIT_LOC_STRINGS = YES;
				SWIFT_VERSION = 5.0;
				TARGETED_DEVICE_FAMILY = "1,2";
			};
			name = Debug;
		};
		B792A80C29FD117B0027DCB9 /* Release */ = {
			isa = XCBuildConfiguration;
			buildSettings = {
				ASSETCATALOG_COMPILER_APPICON_NAME = AppIcon;
				ASSETCATALOG_COMPILER_GLOBAL_ACCENT_COLOR_NAME = AccentColor;
				CODE_SIGN_STYLE = Automatic;
				CURRENT_PROJECT_VERSION = 1;
				DEVELOPMENT_TEAM = F949DCY48U;
				GENERATE_INFOPLIST_FILE = YES;
				INFOPLIST_FILE = RickAndMorty/Info.plist;
				INFOPLIST_KEY_UIApplicationSupportsIndirectInputEvents = YES;
				INFOPLIST_KEY_UILaunchStoryboardName = LaunchScreen;
				INFOPLIST_KEY_UISupportedInterfaceOrientations_iPad = "UIInterfaceOrientationPortrait UIInterfaceOrientationPortraitUpsideDown UIInterfaceOrientationLandscapeLeft UIInterfaceOrientationLandscapeRight";
				INFOPLIST_KEY_UISupportedInterfaceOrientations_iPhone = "UIInterfaceOrientationPortrait UIInterfaceOrientationLandscapeLeft UIInterfaceOrientationLandscapeRight";
				LD_RUNPATH_SEARCH_PATHS = (
					"$(inherited)",
					"@executable_path/Frameworks",
				);
				MARKETING_VERSION = 1.0;
				PRODUCT_BUNDLE_IDENTIFIER = "Valentinas-Kovalenkinas.RickAndMorty";
				PRODUCT_NAME = "$(TARGET_NAME)";
				SWIFT_EMIT_LOC_STRINGS = YES;
				SWIFT_VERSION = 5.0;
				TARGETED_DEVICE_FAMILY = "1,2";
			};
			name = Release;
		};
/* End XCBuildConfiguration section */

/* Begin XCConfigurationList section */
		B792A7F129FD117A0027DCB9 /* Build configuration list for PBXProject "RickAndMorty" */ = {
			isa = XCConfigurationList;
			buildConfigurations = (
				B792A80829FD117B0027DCB9 /* Debug */,
				B792A80929FD117B0027DCB9 /* Release */,
			);
			defaultConfigurationIsVisible = 0;
			defaultConfigurationName = Release;
		};
		B792A80A29FD117B0027DCB9 /* Build configuration list for PBXNativeTarget "RickAndMorty" */ = {
			isa = XCConfigurationList;
			buildConfigurations = (
				B792A80B29FD117B0027DCB9 /* Debug */,
				B792A80C29FD117B0027DCB9 /* Release */,
			);
			defaultConfigurationIsVisible = 0;
			defaultConfigurationName = Release;
		};
/* End XCConfigurationList section */
	};
	rootObject = B792A7EE29FD117A0027DCB9 /* Project object */;
}
